Microsoft Visual Studio Solution File, Format Version 12.00
# Visual Studio Version 17
VisualStudioVersion = 17.5.2.0
MinimumVisualStudioVersion = 10.0.40219.1
Project("{FAE04EC0-301F-11D3-BF4B-00C04F79EFBC}") = "HTML5CSS3JSDemo", "HTML5CSS3JSDemo.csproj", "{D326B602-888B-3920-97FE-7A356B9E5494}"
EndProject
Global
	GlobalSection(SolutionConfigurationPlatforms) = preSolution
		Debug|Any CPU = Debug|Any CPU
		Release|Any CPU = Release|Any CPU
	EndGlobalSection
	GlobalSection(ProjectConfigurationPlatforms) = postSolution
		{D326B602-888B-3920-97FE-7A356B9E5494}.Debug|Any CPU.ActiveCfg = Debug|Any CPU
		{D326B602-888B-3920-97FE-7A356B9E5494}.Debug|Any CPU.Build.0 = Debug|Any CPU
		{D326B602-888B-3920-97FE-7A356B9E5494}.Release|Any CPU.ActiveCfg = Release|Any CPU
		{D326B602-888B-3920-97FE-7A356B9E5494}.Release|Any CPU.Build.0 = Release|Any CPU
	EndGlobalSection
	GlobalSection(SolutionProperties) = preSolution
		HideSolutionNode = FALSE
	EndGlobalSection
	GlobalSection(ExtensibilityGlobals) = postSolution
		SolutionGuid = {92B03154-7642-4A44-84AF-1B6C064C2DF2}
	EndGlobalSection
EndGlobal
